
Microsoft Visual Studio Solution File, Format Version 12.00
# Visual Studio Version 17
VisualStudioVersion = 17.2.32616.157
MinimumVisualStudioVersion = 10.0.40219.1
Project("{FAE04EC0-301F-11D3-BF4B-00C04F79EFBC}") = "Static Exercise", "Static Exercise\Static Exercise.csproj", "{F0269873-9412-42AC-A661-7134EFA08C05}"
EndProject
Global
	GlobalSection(SolutionConfigurationPlatforms) = preSolution
		Debug|Any CPU = Debug|Any CPU
		Release|Any CPU = Release|Any CPU
	EndGlobalSection
	GlobalSection(ProjectConfigurationPlatforms) = postSolution
		{F0269873-9412-42AC-A661-7134EFA08C05}.Debug|Any CPU.ActiveCfg = Debug|Any CPU
		{F0269873-9412-42AC-A661-7134EFA08C05}.Debug|Any CPU.Build.0 = Debug|Any CPU
		{F0269873-9412-42AC-A661-7134EFA08C05}.Release|Any CPU.ActiveCfg = Release|Any CPU
		{F0269873-9412-42AC-A661-7134EFA08C05}.Release|Any CPU.Build.0 = Release|Any CPU
	EndGlobalSection
	GlobalSection(SolutionProperties) = preSolution
		HideSolutionNode = FALSE
	EndGlobalSection
	GlobalSection(ExtensibilityGlobals) = postSolution
		SolutionGuid = {27799710-C118-4AC3-A7F1-A2C14AAF4C3A}
	EndGlobalSection
EndGlobal
